
Microsoft Visual Studio Solution File, Format Version 12.00
# Visual Studio Version 16
VisualStudioVersion = 16.0.30503.244
MinimumVisualStudioVersion = 10.0.40219.1
Project("{FAE04EC0-301F-11D3-BF4B-00C04F79EFBC}") = "La_Forma_Delle_Stelle", "La_Forma_Delle_Stelle\La_Forma_Delle_Stelle.csproj", "{464C1A4A-9F70-4B23-925B-6C7CE0BF85E5}"
EndProject
Global
	GlobalSection(SolutionConfigurationPlatforms) = preSolution
		Debug|Any CPU = Debug|Any CPU
		Release|Any CPU = Release|Any CPU
	EndGlobalSection
	GlobalSection(ProjectConfigurationPlatforms) = postSolution
		{464C1A4A-9F70-4B23-925B-6C7CE0BF85E5}.Debug|Any CPU.ActiveCfg = Debug|Any CPU
		{464C1A4A-9F70-4B23-925B-6C7CE0BF85E5}.Debug|Any CPU.Build.0 = Debug|Any CPU
		{464C1A4A-9F70-4B23-925B-6C7CE0BF85E5}.Release|Any CPU.ActiveCfg = Release|Any CPU
		{464C1A4A-9F70-4B23-925B-6C7CE0BF85E5}.Release|Any CPU.Build.0 = Release|Any CPU
	EndGlobalSection
	GlobalSection(SolutionProperties) = preSolution
		HideSolutionNode = FALSE
	EndGlobalSection
	GlobalSection(ExtensibilityGlobals) = postSolution
		SolutionGuid = {54CDD6B1-3DBC-4F42-B427-8DA62FE45216}
	EndGlobalSection
EndGlobal
